
Microsoft Visual Studio Solution File, Format Version 12.00
# Visual Studio Version 16
VisualStudioVersion = 16.0.32106.194
MinimumVisualStudioVersion = 10.0.40219.1
Project("{FAE04EC0-301F-11D3-BF4B-00C04F79EFBC}") = "ConsoleApp2", "ConsoleApp2\ConsoleApp2.csproj", "{94D3BA4B-3092-4122-8895-B3FA92FAE0EB}"
EndProject
Global
	GlobalSection(SolutionConfigurationPlatforms) = preSolution
		Debug|Any CPU = Debug|Any CPU
		Release|Any CPU = Release|Any CPU
	EndGlobalSection
	GlobalSection(ProjectConfigurationPlatforms) = postSolution
		{94D3BA4B-3092-4122-8895-B3FA92FAE0EB}.Debug|Any CPU.ActiveCfg = Debug|Any CPU
		{94D3BA4B-3092-4122-8895-B3FA92FAE0EB}.Debug|Any CPU.Build.0 = Debug|Any CPU
		{94D3BA4B-3092-4122-8895-B3FA92FAE0EB}.Release|Any CPU.ActiveCfg = Release|Any CPU
		{94D3BA4B-3092-4122-8895-B3FA92FAE0EB}.Release|Any CPU.Build.0 = Release|Any CPU
	EndGlobalSection
	GlobalSection(SolutionProperties) = preSolution
		HideSolutionNode = FALSE
	EndGlobalSection
	GlobalSection(ExtensibilityGlobals) = postSolution
		SolutionGuid = {5C9CB131-BBAE-4578-B8D6-0AE154AC6208}
	EndGlobalSection
EndGlobal
